lockfileVersion: '9.0'

settings:
  autoInstallPeers: false
  excludeLinksFromLockfile: false

importers:

  .:
    dependencies:
      dsh-acp-server:
        specifier: ^0.12.0
        version: 0.12.0(@deepseek-ai/dsh-util-values@0.1.5-rc.3(@deepseek-ai/cordis@4.0.4))

packages:

  '@agentclientprotocol/sdk@1.5.0':
    resolution: {integrity: sha512-524jwbB2iYWA+kWWyv9fhKbhU89dH/lu9u5EXwVNmfYzopV8BujCDxByBDZhxRUkB7RWIJzISCnwivdDk+bdVg==}
    peerDependencies:
      zod: ^3.25.0 || ^4.0.0

  '@deepseek-ai/cordis-plugin-loader@1.0.5':
    resolution: {integrity: sha512-200huL2ttWcjyeYllvPYn+qMR7I89qy8MhZasbHltPzB/KMrSfsyoCYKdCGc5KqPGj5iJugcmibQzjINMO9I+Q==}
    peerDependencies:
      '@deepseek-ai/cordis': ~4.0.4
      node-addon-require-builtin: ^0.1.6
    peerDependenciesMeta:
      node-addon-require-builtin:
        optional: true

  '@deepseek-ai/cordis@4.0.4':
    resolution: {integrity: sha512-obgyxqWAmFn3Re8kvsuUnyW+ihrz6eJCnJO4fh1cQzDtmPYz/zzVeUkH9R94I0OwSVOocK67Kgakm04j/oQXzg==}
    hasBin: true
    peerDependencies:
      '@deepseek-ai/cordis-plugin-include': ~1.0.9
      '@deepseek-ai/cordis-plugin-loader': ~1.0.5
    peerDependenciesMeta:
      '@deepseek-ai/cordis-plugin-include':
        optional: true
      '@deepseek-ai/cordis-plugin-loader':
        optional: true

  '@deepseek-ai/cosmokit@1.8.5':
    resolution: {integrity: sha512-LXsrlem9z8dq4sLflj2yuCuYX7KqhdzF5hZly3eZyuTo8d6oDSOXuEgC5DbQWKW+lksm6zmOutQLsP/ma6wR6A==}

  '@deepseek-ai/dsh-agent@0.1.5-rc.3':
    resolution: {integrity: sha512-+BvnHhttEpT/7HAlpx+QUQvLdXTEvF9o8j4bGOUIEWMJeblm2DKDXWuVL1Pzanm5ZW0ec9Y/WOnDcExMUMkh3Q==}
    peerDependencies:
      '@deepseek-ai/cordis': 4.0.2
      '@deepseek-ai/dsh-invariants': ^0.1.5-rc.3
      '@deepseek-ai/dsh-llm': ^0.1.5-rc.3
      '@deepseek-ai/dsh-scope': ^0.1.5-rc.3
      '@deepseek-ai/dsh-session': ^0.1.5-rc.3
      '@deepseek-ai/dsh-session-projection': ^0.1.5-rc.3
      '@deepseek-ai/dsh-system-prompt': ^0.1.5-rc.3
      '@deepseek-ai/dsh-typert-protocol': ^0.1.5-rc.3
      '@deepseek-ai/dsh-util-values': ^0.1.5-rc.3

  '@deepseek-ai/dsh-attachment@0.1.5-rc.3':
    resolution: {integrity: sha512-mQpRILttCP9rxUro5N78jSd7dKLb1tsQN9Qf+talhhxfsOigUCyWqsWVrLJIdXV4Bpa3ZzNuQK29O8D7Z+Njvg==}
    peerDependencies:
      '@deepseek-ai/cordis': 4.0.2
      '@deepseek-ai/dsh-brand': ^0.1.5-rc.3

  '@deepseek-ai/dsh-brand@0.1.5-rc.3':
    resolution: {integrity: sha512-pzbPtyEwnFMCrUYLwFio8GmUxtTqqAkhW5IheWH1tSgUnVIAu4OwVbxwTNiDGMRbgTRAzT9xZ7bukUejpyob4w==}
    peerDependencies:
      '@deepseek-ai/cordis': 4.0.2

  '@deepseek-ai/dsh-cmdline@0.1.5-rc.3':
    resolution: {integrity: sha512-V3d9AZ7FGVjVRwCe/kmuDMrYR5410dxXoQTPE+4LcLg9kxen+awE21lY8pzOAYFz8bRO44L/GJAl7QLcXUlzNA==}
    peerDependencies:
      '@deepseek-ai/cordis': 4.0.2
      '@deepseek-ai/cordis-plugin-loader': 1.0.3

  '@deepseek-ai/dsh-invariants@0.1.5-rc.3':
    resolution: {integrity: sha512-1iPfLsu8zFAsfIRYE958uMhB3oTO/LmN3ArTifxWFlRvCmBRd9Ca6l7DZh/daLnJsDSdtLQtVzPqbgTV9tzNlQ==}
    peerDependencies:
      '@deepseek-ai/cordis': 4.0.2

  '@deepseek-ai/dsh-llm@0.1.5-rc.3':
    resolution: {integrity: sha512-c6Z7S1SlRAgLKQ/MZKp0mCMrBz06X9XEddLFxhK5Flq0PM18dsJgIbRgNpobILy2AJyYx0vnHbepjmITW6BXWA==}
    peerDependencies:
      '@deepseek-ai/cordis': 4.0.2

  '@deepseek-ai/dsh-scope@0.1.5-rc.3':
    resolution: {integrity: sha512-2B45GShJQwPs+Ad4MdI2kkbxkogagZopAY2lbYowAz6Oris3jGxZJ4v3/ZyJw7c9bhTJUagHXCpXQYFSIXumLA==}
    peerDependencies:
      '@deepseek-ai/cordis': 4.0.2
      '@deepseek-ai/dsh-invariants': ^0.1.5-rc.3

  '@deepseek-ai/dsh-session-query@0.1.5-rc.3':
    resolution: {integrity: sha512-xQhy5L/4ZqLBD3qywIQM9xSvO4+SkhcJPM5Q6aYX6c9UklpYpwqEMMmgpXGnGxeteQ6FME991ohoWpMICC1PFQ==}
    peerDependencies:
      '@deepseek-ai/cordis': 4.0.2
      '@deepseek-ai/dsh-brand': ^0.1.5-rc.3
      '@deepseek-ai/dsh-llm': ^0.1.5-rc.3
      '@deepseek-ai/dsh-session': ^0.1.5-rc.3
      '@deepseek-ai/dsh-session-persistence': ^0.1.5-rc.3
      '@deepseek-ai/dsh-session-projection': ^0.1.5-rc.3
      '@deepseek-ai/dsh-session-projection-cache': ^0.1.5-rc.3
      '@deepseek-ai/dsh-session-title': ^0.1.5-rc.3
      '@deepseek-ai/dsh-tool-todo': ^0.1.5-rc.3
    peerDependenciesMeta:
      '@deepseek-ai/dsh-session-persistence':
        optional: true
      '@deepseek-ai/dsh-session-projection':
        optional: true
      '@deepseek-ai/dsh-session-projection-cache':
        optional: true

  '@deepseek-ai/dsh-session@0.1.5-rc.3':
    resolution: {integrity: sha512-ZvcJxTCLSPVRFLElseKAOR6hByyNuUk+O+mQtPGKQwh/CWa55aN13oEYTS7bskeSFRrWkHTx4KLgDYilMNZhqw==}
    peerDependencies:
      '@deepseek-ai/cordis': 4.0.2
      '@deepseek-ai/dsh-scope': ^0.1.5-rc.3

  '@deepseek-ai/dsh-system-prompt@0.1.5-rc.3':
    resolution: {integrity: sha512-CVWTVym37iHQ8ibty8N+LiPcEF/SPjzXOG/BpyzIMuH1D0wJfRThGgFgGUHRdhJUw/e3WYmyxTfZHlkWnIdojA==}
    peerDependencies:
      '@deepseek-ai/cordis': 4.0.2
      '@deepseek-ai/dsh-invariants': ^0.1.5-rc.3
      '@deepseek-ai/dsh-llm': ^0.1.5-rc.3
      '@deepseek-ai/dsh-scope': ^0.1.5-rc.3

  '@deepseek-ai/dsh-timeout@0.1.5-rc.3':
    resolution: {integrity: sha512-Z7HyqvGaO/k4XLp/EykvIuA0i67CvWb/R0c7Lt/3/8dwmDvqKWgWvh/EiNip7UMXMpQBJzI+Xe4OuzXV/A90Nw==}
    peerDependencies:
      '@deepseek-ai/cordis': 4.0.2

  '@deepseek-ai/dsh-typert-protocol@0.1.5-rc.3':
    resolution: {integrity: sha512-lcQGIQK4Z5dBguLQFzoDiHQBT387egSnFYJOakEjqIMM9jkAfMI/HqlsVSRSzHW7SQL9f6SxJMHCD7pIkJzsWA==}
    peerDependencies:
      '@deepseek-ai/cordis': 4.0.2

  '@deepseek-ai/dsh-util-crypto@0.1.5-rc.3':
    resolution: {integrity: sha512-gQAFF2TLLAV5ejHAklCplePVdL2TV4CH1Xt3A0bqaLxZ2zoOxXoVUieUzPrHo+X1NKfsmdcWvOx9zdlDkXY+sQ==}
    peerDependencies:
      '@deepseek-ai/cordis': 4.0.2

  '@deepseek-ai/dsh-util-values@0.1.5-rc.3':
    resolution: {integrity: sha512-K0qEm9XmgcxCMuJBK7skNE3v35JTOurN24IwrZ4t0xoaSlZSF4wR0L/R7ipj9IQSlB7sGdQLdegTNsZmSlmw4Q==}
    peerDependencies:
      '@deepseek-ai/cordis': 4.0.2

  '@deepseek-ai/schemastery@3.18.2':
    resolution: {integrity: sha512-njDtZsznjYxok7KLLlHOPyuv2efdWVbSflAHgztSfbMsg+CVraEoRe2DjOCgClYv3ZCSm7WXoaUkbB/+RY7tWQ==}

  '@deepseek-ai/schemastery@3.18.4':
    resolution: {integrity: sha512-SSXO6tYuyrIqKVbmOnIq0s+riUywYzouFMcnBluHF9n4KMo2G8HvEzhCYj6pj2617/glOjbJuVInJ9hfONsjkg==}

  '@standard-schema/spec@1.1.0':
    resolution: {integrity: sha512-l2aFy5jALhniG5HgqrD6jXLi/rUWrKvqN/qJx6yoJsgKhblVd+iqqU4RCXavm/jPityDo5TCvKMnpjKnOriy0w==}

  commander@15.0.0:
    resolution: {integrity: sha512-z67u4ZhzCL/Tydu1lJARtEZYWbWaN7oYLHbsuzocr6y4N6WZAagG3RQ4FW61V1/0+jImpj293XfrcYnd1qxtPg==}
    engines: {node: '>=22.12.0'}

  dsh-acp-server@0.12.0:
    resolution: {integrity: sha512-Z681EWiU8oCcSmWrlfjP+A/aauoUmUoNAEhAqH0D699VI0B55B4pWsSr7AxXCHf2x1iMOMWVvPCesKMY7Lk/SQ==}
    engines: {node: '>=22'}
    hasBin: true

  zod@3.25.76:
    resolution: {integrity: sha512-gzUt/qt81nXsFGKIFcC3YnfEAx5NkunCfnDlvuBSSFS02bcXu4Lmea0AFIUwbLWxWPx3d9p8S5QoaujKcNQxcQ==}

  zod@4.6.5:
    resolution: {integrity: sha512-v5l/aFXZQeai4awLbOpSoHecE9UiMrnfx75tEXLjNonXVARxQ5mOeipTjROUchszUNCqnE+hqAMujRsRHsut2Q==}

snapshots:

  '@agentclientprotocol/sdk@1.5.0(zod@3.25.76)':
    dependencies:
      zod: 3.25.76

  '@deepseek-ai/cordis-plugin-loader@1.0.5(@deepseek-ai/cordis@4.0.4)':
    dependencies:
      '@deepseek-ai/cordis': 4.0.4(@deepseek-ai/cordis-plugin-loader@1.0.5)
      '@deepseek-ai/cosmokit': 1.8.5
      '@deepseek-ai/schemastery': 3.18.4

  '@deepseek-ai/cordis@4.0.4(@deepseek-ai/cordis-plugin-loader@1.0.5)':
    dependencies:
      '@deepseek-ai/cosmokit': 1.8.5
      '@standard-schema/spec': 1.1.0
    optionalDependencies:
      '@deepseek-ai/cordis-plugin-loader': 1.0.5(@deepseek-ai/cordis@4.0.4)

  '@deepseek-ai/cosmokit@1.8.5': {}

  '@deepseek-ai/dsh-agent@0.1.5-rc.3(@deepseek-ai/cordis@4.0.4)(@deepseek-ai/dsh-invariants@0.1.5-rc.3(@deepseek-ai/cordis@4.0.4))(@deepseek-ai/dsh-llm@0.1.5-rc.3(@deepseek-ai/cordis@4.0.4))(@deepseek-ai/dsh-scope@0.1.5-rc.3(@deepseek-ai/cordis@4.0.4)(@deepseek-ai/dsh-invariants@0.1.5-rc.3(@deepseek-ai/cordis@4.0.4)))(@deepseek-ai/dsh-session@0.1.5-rc.3(@deepseek-ai/cordis@4.0.4)(@deepseek-ai/dsh-scope@0.1.5-rc.3(@deepseek-ai/cordis@4.0.4)(@deepseek-ai/dsh-invariants@0.1.5-rc.3(@deepseek-ai/cordis@4.0.4))))(@deepseek-ai/dsh-system-prompt@0.1.5-rc.3(@deepseek-ai/cordis@4.0.4)(@deepseek-ai/dsh-invariants@0.1.5-rc.3(@deepseek-ai/cordis@4.0.4))(@deepseek-ai/dsh-llm@0.1.5-rc.3(@deepseek-ai/cordis@4.0.4))(@deepseek-ai/dsh-scope@0.1.5-rc.3(@deepseek-ai/cordis@4.0.4)(@deepseek-ai/dsh-invariants@0.1.5-rc.3(@deepseek-ai/cordis@4.0.4))))(@deepseek-ai/dsh-typert-protocol@0.1.5-rc.3(@deepseek-ai/cordis@4.0.4))(@deepseek-ai/dsh-util-values@0.1.5-rc.3(@deepseek-ai/cordis@4.0.4))':
    dependencies:
      '@deepseek-ai/cordis': 4.0.4(@deepseek-ai/cordis-plugin-loader@1.0.5)
      '@deepseek-ai/dsh-invariants': 0.1.5-rc.3(@deepseek-ai/cordis@4.0.4)
      '@deepseek-ai/dsh-llm': 0.1.5-rc.3(@deepseek-ai/cordis@4.0.4)
      '@deepseek-ai/dsh-scope': 0.1.5-rc.3(@deepseek-ai/cordis@4.0.4)(@deepseek-ai/dsh-invariants@0.1.5-rc.3(@deepseek-ai/cordis@4.0.4))
      '@deepseek-ai/dsh-session': 0.1.5-rc.3(@deepseek-ai/cordis@4.0.4)(@deepseek-ai/dsh-scope@0.1.5-rc.3(@deepseek-ai/cordis@4.0.4)(@deepseek-ai/dsh-invariants@0.1.5-rc.3(@deepseek-ai/cordis@4.0.4)))
      '@deepseek-ai/dsh-system-prompt': 0.1.5-rc.3(@deepseek-ai/cordis@4.0.4)(@deepseek-ai/dsh-invariants@0.1.5-rc.3(@deepseek-ai/cordis@4.0.4))(@deepseek-ai/dsh-llm@0.1.5-rc.3(@deepseek-ai/cordis@4.0.4))(@deepseek-ai/dsh-scope@0.1.5-rc.3(@deepseek-ai/cordis@4.0.4)(@deepseek-ai/dsh-invariants@0.1.5-rc.3(@deepseek-ai/cordis@4.0.4)))
      '@deepseek-ai/dsh-typert-protocol': 0.1.5-rc.3(@deepseek-ai/cordis@4.0.4)
      '@deepseek-ai/dsh-util-values': 0.1.5-rc.3(@deepseek-ai/cordis@4.0.4)

  '@deepseek-ai/dsh-attachment@0.1.5-rc.3(@deepseek-ai/cordis@4.0.4)(@deepseek-ai/dsh-brand@0.1.5-rc.3(@deepseek-ai/cordis@4.0.4))':
    dependencies:
      '@deepseek-ai/cordis': 4.0.4(@deepseek-ai/cordis-plugin-loader@1.0.5)
      '@deepseek-ai/dsh-brand': 0.1.5-rc.3(@deepseek-ai/cordis@4.0.4)

  '@deepseek-ai/dsh-brand@0.1.5-rc.3(@deepseek-ai/cordis@4.0.4)':
    dependencies:
      '@deepseek-ai/cordis': 4.0.4(@deepseek-ai/cordis-plugin-loader@1.0.5)

  '@deepseek-ai/dsh-cmdline@0.1.5-rc.3(@deepseek-ai/cordis-plugin-loader@1.0.5)(@deepseek-ai/cordis@4.0.4)':
    dependencies:
      '@deepseek-ai/cordis': 4.0.4(@deepseek-ai/cordis-plugin-loader@1.0.5)
      '@deepseek-ai/cordis-plugin-loader': 1.0.5(@deepseek-ai/cordis@4.0.4)

  '@deepseek-ai/dsh-invariants@0.1.5-rc.3(@deepseek-ai/cordis@4.0.4)':
    dependencies:
      '@deepseek-ai/cordis': 4.0.4(@deepseek-ai/cordis-plugin-loader@1.0.5)
      '@deepseek-ai/schemastery': 3.18.2

  '@deepseek-ai/dsh-llm@0.1.5-rc.3(@deepseek-ai/cordis@4.0.4)':
    dependencies:
      '@deepseek-ai/cordis': 4.0.4(@deepseek-ai/cordis-plugin-loader@1.0.5)
      '@deepseek-ai/dsh-brand': 0.1.5-rc.3(@deepseek-ai/cordis@4.0.4)
      '@deepseek-ai/dsh-timeout': 0.1.5-rc.3(@deepseek-ai/cordis@4.0.4)
      '@deepseek-ai/dsh-typert-protocol': 0.1.5-rc.3(@deepseek-ai/cordis@4.0.4)
      '@deepseek-ai/dsh-util-crypto': 0.1.5-rc.3(@deepseek-ai/cordis@4.0.4)
      '@deepseek-ai/dsh-util-values': 0.1.5-rc.3(@deepseek-ai/cordis@4.0.4)
      '@deepseek-ai/schemastery': 3.18.2
      zod: 4.6.5

  '@deepseek-ai/dsh-scope@0.1.5-rc.3(@deepseek-ai/cordis@4.0.4)(@deepseek-ai/dsh-invariants@0.1.5-rc.3(@deepseek-ai/cordis@4.0.4))':
    dependencies:
      '@deepseek-ai/cordis': 4.0.4(@deepseek-ai/cordis-plugin-loader@1.0.5)
      '@deepseek-ai/dsh-invariants': 0.1.5-rc.3(@deepseek-ai/cordis@4.0.4)

  '@deepseek-ai/dsh-session-query@0.1.5-rc.3(@deepseek-ai/cordis@4.0.4)(@deepseek-ai/dsh-brand@0.1.5-rc.3(@deepseek-ai/cordis@4.0.4))(@deepseek-ai/dsh-llm@0.1.5-rc.3(@deepseek-ai/cordis@4.0.4))(@deepseek-ai/dsh-session@0.1.5-rc.3(@deepseek-ai/cordis@4.0.4)(@deepseek-ai/dsh-scope@0.1.5-rc.3(@deepseek-ai/cordis@4.0.4)(@deepseek-ai/dsh-invariants@0.1.5-rc.3(@deepseek-ai/cordis@4.0.4))))':
    dependencies:
      '@deepseek-ai/cordis': 4.0.4(@deepseek-ai/cordis-plugin-loader@1.0.5)
      '@deepseek-ai/dsh-brand': 0.1.5-rc.3(@deepseek-ai/cordis@4.0.4)
      '@deepseek-ai/dsh-llm': 0.1.5-rc.3(@deepseek-ai/cordis@4.0.4)
      '@deepseek-ai/dsh-session': 0.1.5-rc.3(@deepseek-ai/cordis@4.0.4)(@deepseek-ai/dsh-scope@0.1.5-rc.3(@deepseek-ai/cordis@4.0.4)(@deepseek-ai/dsh-invariants@0.1.5-rc.3(@deepseek-ai/cordis@4.0.4)))

  '@deepseek-ai/dsh-session@0.1.5-rc.3(@deepseek-ai/cordis@4.0.4)(@deepseek-ai/dsh-scope@0.1.5-rc.3(@deepseek-ai/cordis@4.0.4)(@deepseek-ai/dsh-invariants@0.1.5-rc.3(@deepseek-ai/cordis@4.0.4)))':
    dependencies:
      '@deepseek-ai/cordis': 4.0.4(@deepseek-ai/cordis-plugin-loader@1.0.5)
      '@deepseek-ai/dsh-brand': 0.1.5-rc.3(@deepseek-ai/cordis@4.0.4)
      '@deepseek-ai/dsh-llm': 0.1.5-rc.3(@deepseek-ai/cordis@4.0.4)
      '@deepseek-ai/dsh-scope': 0.1.5-rc.3(@deepseek-ai/cordis@4.0.4)(@deepseek-ai/dsh-invariants@0.1.5-rc.3(@deepseek-ai/cordis@4.0.4))
      '@deepseek-ai/dsh-util-values': 0.1.5-rc.3(@deepseek-ai/cordis@4.0.4)

  '@deepseek-ai/dsh-system-prompt@0.1.5-rc.3(@deepseek-ai/cordis@4.0.4)(@deepseek-ai/dsh-invariants@0.1.5-rc.3(@deepseek-ai/cordis@4.0.4))(@deepseek-ai/dsh-llm@0.1.5-rc.3(@deepseek-ai/cordis@4.0.4))(@deepseek-ai/dsh-scope@0.1.5-rc.3(@deepseek-ai/cordis@4.0.4)(@deepseek-ai/dsh-invariants@0.1.5-rc.3(@deepseek-ai/cordis@4.0.4)))':
    dependencies:
      '@deepseek-ai/cordis': 4.0.4(@deepseek-ai/cordis-plugin-loader@1.0.5)
      '@deepseek-ai/dsh-invariants': 0.1.5-rc.3(@deepseek-ai/cordis@4.0.4)
      '@deepseek-ai/dsh-llm': 0.1.5-rc.3(@deepseek-ai/cordis@4.0.4)
      '@deepseek-ai/dsh-scope': 0.1.5-rc.3(@deepseek-ai/cordis@4.0.4)(@deepseek-ai/dsh-invariants@0.1.5-rc.3(@deepseek-ai/cordis@4.0.4))
      '@deepseek-ai/schemastery': 3.18.2

  '@deepseek-ai/dsh-timeout@0.1.5-rc.3(@deepseek-ai/cordis@4.0.4)':
    dependencies:
      '@deepseek-ai/cordis': 4.0.4(@deepseek-ai/cordis-plugin-loader@1.0.5)

  '@deepseek-ai/dsh-typert-protocol@0.1.5-rc.3(@deepseek-ai/cordis@4.0.4)':
    dependencies:
      '@deepseek-ai/cordis': 4.0.4(@deepseek-ai/cordis-plugin-loader@1.0.5)

  '@deepseek-ai/dsh-util-crypto@0.1.5-rc.3(@deepseek-ai/cordis@4.0.4)':
    dependencies:
      '@deepseek-ai/cordis': 4.0.4(@deepseek-ai/cordis-plugin-loader@1.0.5)

  '@deepseek-ai/dsh-util-values@0.1.5-rc.3(@deepseek-ai/cordis@4.0.4)':
    dependencies:
      '@deepseek-ai/cordis': 4.0.4(@deepseek-ai/cordis-plugin-loader@1.0.5)

  '@deepseek-ai/schemastery@3.18.2':
    dependencies:
      '@deepseek-ai/cosmokit': 1.8.5
      '@standard-schema/spec': 1.1.0

  '@deepseek-ai/schemastery@3.18.4':
    dependencies:
      '@deepseek-ai/cosmokit': 1.8.5
      '@standard-schema/spec': 1.1.0

  '@standard-schema/spec@1.1.0': {}

  commander@15.0.0: {}

  dsh-acp-server@0.12.0(@deepseek-ai/dsh-util-values@0.1.5-rc.3(@deepseek-ai/cordis@4.0.4)):
    dependencies:
      '@agentclientprotocol/sdk': 1.5.0(zod@3.25.76)
      '@deepseek-ai/cordis': 4.0.4(@deepseek-ai/cordis-plugin-loader@1.0.5)
      '@deepseek-ai/cordis-plugin-loader': 1.0.5(@deepseek-ai/cordis@4.0.4)
      '@deepseek-ai/dsh-agent': 0.1.5-rc.3(@deepseek-ai/cordis@4.0.4)(@deepseek-ai/dsh-invariants@0.1.5-rc.3(@deepseek-ai/cordis@4.0.4))(@deepseek-ai/dsh-llm@0.1.5-rc.3(@deepseek-ai/cordis@4.0.4))(@deepseek-ai/dsh-scope@0.1.5-rc.3(@deepseek-ai/cordis@4.0.4)(@deepseek-ai/dsh-invariants@0.1.5-rc.3(@deepseek-ai/cordis@4.0.4)))(@deepseek-ai/dsh-session@0.1.5-rc.3(@deepseek-ai/cordis@4.0.4)(@deepseek-ai/dsh-scope@0.1.5-rc.3(@deepseek-ai/cordis@4.0.4)(@deepseek-ai/dsh-invariants@0.1.5-rc.3(@deepseek-ai/cordis@4.0.4))))(@deepseek-ai/dsh-system-prompt@0.1.5-rc.3(@deepseek-ai/cordis@4.0.4)(@deepseek-ai/dsh-invariants@0.1.5-rc.3(@deepseek-ai/cordis@4.0.4))(@deepseek-ai/dsh-llm@0.1.5-rc.3(@deepseek-ai/cordis@4.0.4))(@deepseek-ai/dsh-scope@0.1.5-rc.3(@deepseek-ai/cordis@4.0.4)(@deepseek-ai/dsh-invariants@0.1.5-rc.3(@deepseek-ai/cordis@4.0.4))))(@deepseek-ai/dsh-typert-protocol@0.1.5-rc.3(@deepseek-ai/cordis@4.0.4))(@deepseek-ai/dsh-util-values@0.1.5-rc.3(@deepseek-ai/cordis@4.0.4))
      '@deepseek-ai/dsh-attachment': 0.1.5-rc.3(@deepseek-ai/cordis@4.0.4)(@deepseek-ai/dsh-brand@0.1.5-rc.3(@deepseek-ai/cordis@4.0.4))
      '@deepseek-ai/dsh-brand': 0.1.5-rc.3(@deepseek-ai/cordis@4.0.4)
      '@deepseek-ai/dsh-cmdline': 0.1.5-rc.3(@deepseek-ai/cordis-plugin-loader@1.0.5)(@deepseek-ai/cordis@4.0.4)
      '@deepseek-ai/dsh-invariants': 0.1.5-rc.3(@deepseek-ai/cordis@4.0.4)
      '@deepseek-ai/dsh-llm': 0.1.5-rc.3(@deepseek-ai/cordis@4.0.4)
      '@deepseek-ai/dsh-scope': 0.1.5-rc.3(@deepseek-ai/cordis@4.0.4)(@deepseek-ai/dsh-invariants@0.1.5-rc.3(@deepseek-ai/cordis@4.0.4))
      '@deepseek-ai/dsh-session': 0.1.5-rc.3(@deepseek-ai/cordis@4.0.4)(@deepseek-ai/dsh-scope@0.1.5-rc.3(@deepseek-ai/cordis@4.0.4)(@deepseek-ai/dsh-invariants@0.1.5-rc.3(@deepseek-ai/cordis@4.0.4)))
      '@deepseek-ai/dsh-session-query': 0.1.5-rc.3(@deepseek-ai/cordis@4.0.4)(@deepseek-ai/dsh-brand@0.1.5-rc.3(@deepseek-ai/cordis@4.0.4))(@deepseek-ai/dsh-llm@0.1.5-rc.3(@deepseek-ai/cordis@4.0.4))(@deepseek-ai/dsh-session@0.1.5-rc.3(@deepseek-ai/cordis@4.0.4)(@deepseek-ai/dsh-scope@0.1.5-rc.3(@deepseek-ai/cordis@4.0.4)(@deepseek-ai/dsh-invariants@0.1.5-rc.3(@deepseek-ai/cordis@4.0.4))))
      '@deepseek-ai/dsh-system-prompt': 0.1.5-rc.3(@deepseek-ai/cordis@4.0.4)(@deepseek-ai/dsh-invariants@0.1.5-rc.3(@deepseek-ai/cordis@4.0.4))(@deepseek-ai/dsh-llm@0.1.5-rc.3(@deepseek-ai/cordis@4.0.4))(@deepseek-ai/dsh-scope@0.1.5-rc.3(@deepseek-ai/cordis@4.0.4)(@deepseek-ai/dsh-invariants@0.1.5-rc.3(@deepseek-ai/cordis@4.0.4)))
      '@deepseek-ai/dsh-timeout': 0.1.5-rc.3(@deepseek-ai/cordis@4.0.4)
      '@deepseek-ai/dsh-typert-protocol': 0.1.5-rc.3(@deepseek-ai/cordis@4.0.4)
      '@deepseek-ai/schemastery': 3.18.4
      commander: 15.0.0
      zod: 3.25.76
    transitivePeerDependencies:
      - '@deepseek-ai/cordis-plugin-include'
      - '@deepseek-ai/dsh-session-persistence'
      - '@deepseek-ai/dsh-session-projection'
      - '@deepseek-ai/dsh-session-projection-cache'
      - '@deepseek-ai/dsh-session-title'
      - '@deepseek-ai/dsh-tool-todo'
      - '@deepseek-ai/dsh-util-values'
      - node-addon-require-builtin

  zod@3.25.76: {}

  zod@4.6.5: {}
